// !$*UTF8*$!
{
	archiveVersion = 1;
	classes = {
	};
	objectVersion = 50;
	objects = {

/* Begin PBXBuildFile section */
		C492EE6C23964AF3000AB2D9 /* Chat.storyboard in Resources */ = {isa = PBXBuildFile; fileRef = C492EE6B23964AF3000AB2D9 /* Chat.storyboard */; };
		C492EE7623964C33000AB2D9 /* MsgReceivedTableViewCell.swift in Sources */ = {isa = PBXBuildFile; fileRef = C492EE7523964C33000AB2D9 /* MsgReceivedTableViewCell.swift */; };
		C492EE7723964C33000AB2D9 /* MsgSendedTableViewCell.swift in Sources */ = {isa = PBXBuildFile; fileRef = C492EE7223964C33000AB2D9 /* MsgSendedTableViewCell.swift */; };
		C492EE7823964C33000AB2D9 /* Msg.swift in Sources */ = {isa = PBXBuildFile; fileRef = C492EE7423964C33000AB2D9 /* Msg.swift */; };
		C492EE7923964C33000AB2D9 /* MsgVC.swift in Sources */ = {isa = PBXBuildFile; fileRef = C492EE7323964C33000AB2D9 /* MsgVC.swift */; };
		C492EE7F23964C53000AB2D9 /* Friend.swift in Sources */ = {isa = PBXBuildFile; fileRef = C492EE7C23964C53000AB2D9 /* Friend.swift */; };
		C492EE8023964C53000AB2D9 /* ChatTableViewCell.swift in Sources */ = {isa = PBXBuildFile; fileRef = C492EE7D23964C53000AB2D9 /* ChatTableViewCell.swift */; };
		C492EE8123964C53000AB2D9 /* ChatVC.swift in Sources */ = {isa = PBXBuildFile; fileRef = C492EE7B23964C53000AB2D9 /* ChatVC.swift */; };
		C492EE8223964C53000AB2D9 /* Group.swift in Sources */ = {isa = PBXBuildFile; fileRef = C492EE7E23964C53000AB2D9 /* Group.swift */; };
		D005382223A68C6100E9034F /* Shop.storyboard in Resources */ = {isa = PBXBuildFile; fileRef = D005382123A68C6100E9034F /* Shop.storyboard */; };
		D005382423A6970F00E9034F /* ShopMapVC.swift in Sources */ = {isa = PBXBuildFile; fileRef = D005382323A6970F00E9034F /* ShopMapVC.swift */; };
		D005382623A6980700E9034F /* ShopListTableVC.swift in Sources */ = {isa = PBXBuildFile; fileRef = D005382523A6980700E9034F /* ShopListTableVC.swift */; };
		D051B1C423A6A7000084DF08 /* ShopCell.swift in Sources */ = {isa = PBXBuildFile; fileRef = D051B1C323A6A7000084DF08 /* ShopCell.swift */; };
		D051B1C823A6B1220084DF08 /* ShopDetailViewController.swift in Sources */ = {isa = PBXBuildFile; fileRef = D051B1C723A6B1220084DF08 /* ShopDetailViewController.swift */; };
		D0604B7E23A897FE00D1E0E6 /* Shop.swift in Sources */ = {isa = PBXBuildFile; fileRef = D0604B7D23A897FE00D1E0E6 /* Shop.swift */; };
		D088EADF239FE18A006F650F /* RegisterHomeVC.swift in Sources */ = {isa = PBXBuildFile; fileRef = D088EAD4239FE18A006F650F /* RegisterHomeVC.swift */; };
		D088EAE0239FE18A006F650F /* RegisterDetailVC.swift in Sources */ = {isa = PBXBuildFile; fileRef = D088EAD5239FE18A006F650F /* RegisterDetailVC.swift */; };
		D088EAEF23A098E1006F650F /* FriendInvitedCell.swift in Sources */ = {isa = PBXBuildFile; fileRef = D088EAE223A098E1006F650F /* FriendInvitedCell.swift */; };
		D088EAF023A098E1006F650F /* FriendInvitedDelegate.swift in Sources */ = {isa = PBXBuildFile; fileRef = D088EAE323A098E1006F650F /* FriendInvitedDelegate.swift */; };
		D088EAF123A098E1006F650F /* FriendAllVC.swift in Sources */ = {isa = PBXBuildFile; fileRef = D088EAE423A098E1006F650F /* FriendAllVC.swift */; };
		D088EAF223A098E1006F650F /* Friend.storyboard in Resources */ = {isa = PBXBuildFile; fileRef = D088EAE523A098E1006F650F /* Friend.storyboard */; };
		D088EAF323A098E1006F650F /* ShowQRViewController.swift in Sources */ = {isa = PBXBuildFile; fileRef = D088EAE623A098E1006F650F /* ShowQRViewController.swift */; };
		D088EAF423A098E1006F650F /* FriendInvitedVC.swift in Sources */ = {isa = PBXBuildFile; fileRef = D088EAE723A098E1006F650F /* FriendInvitedVC.swift */; };
		D088EAF523A098E1006F650F /* FriendHomeVC.swift in Sources */ = {isa = PBXBuildFile; fileRef = D088EAE823A098E1006F650F /* FriendHomeVC.swift */; };
		D088EAF623A098E1006F650F /* ScanQRViewController.swift in Sources */ = {isa = PBXBuildFile; fileRef = D088EAE923A098E1006F650F /* ScanQRViewController.swift */; };
		D088EAF723A098E1006F650F /* ScanQRCodeDelegate.swift in Sources */ = {isa = PBXBuildFile; fileRef = D088EAEA23A098E1006F650F /* ScanQRCodeDelegate.swift */; };
		D088EAF823A098E1006F650F /* FriendInvitingCell.swift in Sources */ = {isa = PBXBuildFile; fileRef = D088EAEB23A098E1006F650F /* FriendInvitingCell.swift */; };
		D088EAF923A098E1006F650F /* ScanQRCodeCell.swift in Sources */ = {isa = PBXBuildFile; fileRef = D088EAEC23A098E1006F650F /* ScanQRCodeCell.swift */; };
		D088EAFA23A098E1006F650F /* FriendInvitingVC.swift in Sources */ = {isa = PBXBuildFile; fileRef = D088EAED23A098E1006F650F /* FriendInvitingVC.swift */; };
		D088EAFB23A098E1006F650F /* FriendInvitingDelegate.swift in Sources */ = {isa = PBXBuildFile; fileRef = D088EAEE23A098E1006F650F /* FriendInvitingDelegate.swift */; };
		E30DFA0E2398DE0F0081BC48 /* FavShopVC_.swift in Sources */ = {isa = PBXBuildFile; fileRef = E30DFA0D2398DE0F0081BC48 /* FavShopVC_.swift */; };
		E30DFA102398DE480081BC48 /* FavShopTVC_.swift in Sources */ = {isa = PBXBuildFile; fileRef = E30DFA0F2398DE480081BC48 /* FavShopTVC_.swift */; };
		E30DFA132398DE8B0081BC48 /* GroupCell.swift in Sources */ = {isa = PBXBuildFile; fileRef = E30DFA122398DE8B0081BC48 /* GroupCell.swift */; };
		E30DFA152398DEA30081BC48 /* GroupListTVC.swift in Sources */ = {isa = PBXBuildFile; fileRef = E30DFA142398DEA30081BC48 /* GroupListTVC.swift */; };
		E30DFA172398DEB30081BC48 /* GroupData.swift in Sources */ = {isa = PBXBuildFile; fileRef = E30DFA162398DEB30081BC48 /* GroupData.swift */; };
		E30DFA1F239E140B0081BC48 /* PlayerData.swift in Sources */ = {isa = PBXBuildFile; fileRef = E30DFA1E239E140B0081BC48 /* PlayerData.swift */; };
		E30DFA23239F43210081BC48 /* PlayerTVC.swift in Sources */ = {isa = PBXBuildFile; fileRef = E30DFA22239F43210081BC48 /* PlayerTVC.swift */; };
		E30DFA2923A0E5AA0081BC48 /* PlayerDataUpdateTVC.swift in Sources */ = {isa = PBXBuildFile; fileRef = E30DFA2823A0E5AA0081BC48 /* PlayerDataUpdateTVC.swift */; };
		E32E3BF32395EDB000D7AB67 /* favShopVCDelegate.swift in Sources */ = {isa = PBXBuildFile; fileRef = E32E3BF22395EDB000D7AB67 /* favShopVCDelegate.swift */; };
		E39ACB05238E1971000973E3 /* AppDelegate.swift in Sources */ = {isa = PBXBuildFile; fileRef = E39ACB04238E1971000973E3 /* AppDelegate.swift */; };
		E39ACB07238E1971000973E3 /* SceneDelegate.swift in Sources */ = {isa = PBXBuildFile; fileRef = E39ACB06238E1971000973E3 /* SceneDelegate.swift */; };
		E39ACB0C238E1971000973E3 /* Main.storyboard in Resources */ = {isa = PBXBuildFile; fileRef = E39ACB0A238E1971000973E3 /* Main.storyboard */; };
		E39ACB0F238E1971000973E3 /* BoardGame_ios.xcdatamodeld in Sources */ = {isa = PBXBuildFile; fileRef = E39ACB0D238E1971000973E3 /* BoardGame_ios.xcdatamodeld */; };
		E39ACB11238E1973000973E3 /* Assets.xcassets in Resources */ = {isa = PBXBuildFile; fileRef = E39ACB10238E1973000973E3 /* Assets.xcassets */; };
		E39ACB20238E466C000973E3 /* LoginVC.swift in Sources */ = {isa = PBXBuildFile; fileRef = E39ACB1F238E466C000973E3 /* LoginVC.swift */; };
		E39ACB25238EA523000973E3 /* SignOutTVC.swift in Sources */ = {isa = PBXBuildFile; fileRef = E39ACB24238EA523000973E3 /* SignOutTVC.swift */; };
		E39ACBBE238FE8A3000973E3 /* FavShopCell.swift in Sources */ = {isa = PBXBuildFile; fileRef = E39ACBBD238FE8A3000973E3 /* FavShopCell.swift */; };
		E39ACBC0238FED69000973E3 /* ShopData.swift in Sources */ = {isa = PBXBuildFile; fileRef = E39ACBBF238FED69000973E3 /* ShopData.swift */; };
		E39ACBC3238FF46B000973E3 /* Common.swift in Sources */ = {isa = PBXBuildFile; fileRef = E39ACBC2238FF46B000973E3 /* Common.swift */; };
		E39ACBE823920A01000973E3 /* MapVC.swift in Sources */ = {isa = PBXBuildFile; fileRef = E39ACBE723920A01000973E3 /* MapVC.swift */; };
		E39ACBEA23928333000973E3 /* TPDirect.framework in Frameworks */ = {isa = PBXBuildFile; fileRef = E39ACBE923928332000973E3 /* TPDirect.framework */; };
		E3D5E97B23A1295100B6CD14 /* TPDirectResource in Resources */ = {isa = PBXBuildFile; fileRef = E3D5E97A23A1295100B6CD14 /* TPDirectResource */; };
		E3D5E98123A2524700B6CD14 /* TapPay.swift in Sources */ = {isa = PBXBuildFile; fileRef = E3D5E98023A2524700B6CD14 /* TapPay.swift */; };
		E3D5E98323A2719E00B6CD14 /* TPDApplePayDelegate.swift in Sources */ = {isa = PBXBuildFile; fileRef = E3D5E98223A2719E00B6CD14 /* TPDApplePayDelegate.swift */; };
		E3D5E98523A2726700B6CD14 /* TPDTransactionResult.swift in Sources */ = {isa = PBXBuildFile; fileRef = E3D5E98423A2726700B6CD14 /* TPDTransactionResult.swift */; };
/* End PBXBuildFile section */

/* Begin PBXFileReference section */
		C492EE6B23964AF3000AB2D9 /* Chat.storyboard */ = {isa = PBXFileReference; fileEncoding = 4; lastKnownFileType = file.storyboard; path = Chat.storyboard; sourceTree = "<group>"; };
		C492EE7223964C33000AB2D9 /* MsgSendedTableViewCell.swift */ = {isa = PBXFileReference; lastKnownFileType = sourcecode.swift; path = MsgSendedTableViewCell.swift; sourceTree = "<group>"; };
		C492EE7323964C33000AB2D9 /* MsgVC.swift */ = {isa = PBXFileReference; lastKnownFileType = sourcecode.swift; path = MsgVC.swift; sourceTree = "<group>"; };
		C492EE7423964C33000AB2D9 /* Msg.swift */ = {isa = PBXFileReference; lastKnownFileType = sourcecode.swift; path = Msg.swift; sourceTree = "<group>"; };
		C492EE7523964C33000AB2D9 /* MsgReceivedTableViewCell.swift */ = {isa = PBXFileReference; lastKnownFileType = sourcecode.swift; path = MsgReceivedTableViewCell.swift; sourceTree = "<group>"; };
		C492EE7B23964C53000AB2D9 /* ChatVC.swift */ = {isa = PBXFileReference; lastKnownFileType = sourcecode.swift; path = ChatVC.swift; sourceTree = "<group>"; };
		C492EE7C23964C53000AB2D9 /* Friend.swift */ = {isa = PBXFileReference; lastKnownFileType = sourcecode.swift; path = Friend.swift; sourceTree = "<group>"; };
		C492EE7D23964C53000AB2D9 /* ChatTableViewCell.swift */ = {isa = PBXFileReference; lastKnownFileType = sourcecode.swift; path = ChatTableViewCell.swift; sourceTree = "<group>"; };
		C492EE7E23964C53000AB2D9 /* Group.swift */ = {isa = PBXFileReference; lastKnownFileType = sourcecode.swift; path = Group.swift; sourceTree = "<group>"; };
		D005382123A68C6100E9034F /* Shop.storyboard */ = {isa = PBXFileReference; lastKnownFileType = file.storyboard; path = Shop.storyboard; sourceTree = "<group>"; };
		D005382323A6970F00E9034F /* ShopMapVC.swift */ = {isa = PBXFileReference; lastKnownFileType = sourcecode.swift; path = ShopMapVC.swift; sourceTree = "<group>"; };
		D005382523A6980700E9034F /* ShopListTableVC.swift */ = {isa = PBXFileReference; lastKnownFileType = sourcecode.swift; path = ShopListTableVC.swift; sourceTree = "<group>"; };
		D051B1C323A6A7000084DF08 /* ShopCell.swift */ = {isa = PBXFileReference; lastKnownFileType = sourcecode.swift; path = ShopCell.swift; sourceTree = "<group>"; };
		D051B1C723A6B1220084DF08 /* ShopDetailViewController.swift */ = {isa = PBXFileReference; lastKnownFileType = sourcecode.swift; path = ShopDetailViewController.swift; sourceTree = "<group>"; };
		D0604B7D23A897FE00D1E0E6 /* Shop.swift */ = {isa = PBXFileReference; fileEncoding = 4; lastKnownFileType = sourcecode.swift; path = Shop.swift; sourceTree = "<group>"; };
		D088EAD4239FE18A006F650F /* RegisterHomeVC.swift */ = {isa = PBXFileReference; fileEncoding = 4; lastKnownFileType = sourcecode.swift; path = RegisterHomeVC.swift; sourceTree = "<group>"; };
		D088EAD5239FE18A006F650F /* RegisterDetailVC.swift */ = {isa = PBXFileReference; fileEncoding = 4; lastKnownFileType = sourcecode.swift; path = RegisterDetailVC.swift; sourceTree = "<group>"; };
		D088EAE223A098E1006F650F /* FriendInvitedCell.swift */ = {isa = PBXFileReference; fileEncoding = 4; lastKnownFileType = sourcecode.swift; path = FriendInvitedCell.swift; sourceTree = "<group>"; };
		D088EAE323A098E1006F650F /* FriendInvitedDelegate.swift */ = {isa = PBXFileReference; fileEncoding = 4; lastKnownFileType = sourcecode.swift; path = FriendInvitedDelegate.swift; sourceTree = "<group>"; };
		D088EAE423A098E1006F650F /* FriendAllVC.swift */ = {isa = PBXFileReference; fileEncoding = 4; lastKnownFileType = sourcecode.swift; path = FriendAllVC.swift; sourceTree = "<group>"; };
		D088EAE523A098E1006F650F /* Friend.storyboard */ = {isa = PBXFileReference; fileEncoding = 4; lastKnownFileType = file.storyboard; path = Friend.storyboard; sourceTree = "<group>"; };
		D088EAE623A098E1006F650F /* ShowQRViewController.swift */ = {isa = PBXFileReference; fileEncoding = 4; lastKnownFileType = sourcecode.swift; path = ShowQRViewController.swift; sourceTree = "<group>"; };
		D088EAE723A098E1006F650F /* FriendInvitedVC.swift */ = {isa = PBXFileReference; fileEncoding = 4; lastKnownFileType = sourcecode.swift; path = FriendInvitedVC.swift; sourceTree = "<group>"; };
		D088EAE823A098E1006F650F /* FriendHomeVC.swift */ = {isa = PBXFileReference; fileEncoding = 4; lastKnownFileType = sourcecode.swift; path = FriendHomeVC.swift; sourceTree = "<group>"; };
		D088EAE923A098E1006F650F /* ScanQRViewController.swift */ = {isa = PBXFileReference; fileEncoding = 4; lastKnownFileType = sourcecode.swift; path = ScanQRViewController.swift; sourceTree = "<group>"; };
		D088EAEA23A098E1006F650F /* ScanQRCodeDelegate.swift */ = {isa = PBXFileReference; fileEncoding = 4; lastKnownFileType = sourcecode.swift; path = ScanQRCodeDelegate.swift; sourceTree = "<group>"; };
		D088EAEB23A098E1006F650F /* FriendInvitingCell.swift */ = {isa = PBXFileReference; fileEncoding = 4; lastKnownFileType = sourcecode.swift; path = FriendInvitingCell.swift; sourceTree = "<group>"; };
		D088EAEC23A098E1006F650F /* ScanQRCodeCell.swift */ = {isa = PBXFileReference; fileEncoding = 4; lastKnownFileType = sourcecode.swift; path = ScanQRCodeCell.swift; sourceTree = "<group>"; };
		D088EAED23A098E1006F650F /* FriendInvitingVC.swift */ = {isa = PBXFileReference; fileEncoding = 4; lastKnownFileType = sourcecode.swift; path = FriendInvitingVC.swift; sourceTree = "<group>"; };
		D088EAEE23A098E1006F650F /* FriendInvitingDelegate.swift */ = {isa = PBXFileReference; fileEncoding = 4; lastKnownFileType = sourcecode.swift; path = FriendInvitingDelegate.swift; sourceTree = "<group>"; };
		E30DFA0D2398DE0F0081BC48 /* FavShopVC_.swift */ = {isa = PBXFileReference; lastKnownFileType = sourcecode.swift; path = FavShopVC_.swift; sourceTree = "<group>"; };
		E30DFA0F2398DE480081BC48 /* FavShopTVC_.swift */ = {isa = PBXFileReference; lastKnownFileType = sourcecode.swift; path = FavShopTVC_.swift; sourceTree = "<group>"; };
		E30DFA122398DE8B0081BC48 /* GroupCell.swift */ = {isa = PBXFileReference; lastKnownFileType = sourcecode.swift; path = GroupCell.swift; sourceTree = "<group>"; };
		E30DFA142398DEA30081BC48 /* GroupListTVC.swift */ = {isa = PBXFileReference; lastKnownFileType = sourcecode.swift; path = GroupListTVC.swift; sourceTree = "<group>"; };
		E30DFA162398DEB30081BC48 /* GroupData.swift */ = {isa = PBXFileReference; lastKnownFileType = sourcecode.swift; path = GroupData.swift; sourceTree = "<group>"; };
		E30DFA1E239E140B0081BC48 /* PlayerData.swift */ = {isa = PBXFileReference; lastKnownFileType = sourcecode.swift; path = PlayerData.swift; sourceTree = "<group>"; };
		E30DFA22239F43210081BC48 /* PlayerTVC.swift */ = {isa = PBXFileReference; lastKnownFileType = sourcecode.swift; path = PlayerTVC.swift; sourceTree = "<group>"; };
		E30DFA2823A0E5AA0081BC48 /* PlayerDataUpdateTVC.swift */ = {isa = PBXFileReference; fileEncoding = 4; lastKnownFileType = sourcecode.swift; path = PlayerDataUpdateTVC.swift; sourceTree = "<group>"; };
		E32E3BF22395EDB000D7AB67 /* favShopVCDelegate.swift */ = {isa = PBXFileReference; lastKnownFileType = sourcecode.swift; path = favShopVCDelegate.swift; sourceTree = "<group>"; };
		E39ACB01238E1971000973E3 /* BoardGame_ios.app */ = {isa = PBXFileReference; explicitFileType = wrapper.application; includeInIndex = 0; path = BoardGame_ios.app; sourceTree = BUILT_PRODUCTS_DIR; };
		E39ACB04238E1971000973E3 /* AppDelegate.swift */ = {isa = PBXFileReference; lastKnownFileType = sourcecode.swift; path = AppDelegate.swift; sourceTree = "<group>"; };
		E39ACB06238E1971000973E3 /* SceneDelegate.swift */ = {isa = PBXFileReference; lastKnownFileType = sourcecode.swift; path = SceneDelegate.swift; sourceTree = "<group>"; };
		E39ACB0B238E1971000973E3 /* Base */ = {isa = PBXFileReference; lastKnownFileType = file.storyboard; name = Base; path = Base.lproj/Main.storyboard; sourceTree = "<group>"; };
		E39ACB0E238E1971000973E3 /* BoardGame_ios.xcdatamodel */ = {isa = PBXFileReference; lastKnownFileType = wrapper.xcdatamodel; path = BoardGame_ios.xcdatamodel; sourceTree = "<group>"; };
		E39ACB10238E1973000973E3 /* Assets.xcassets */ = {isa = PBXFileReference; lastKnownFileType = folder.assetcatalog; path = Assets.xcassets; sourceTree = "<group>"; };
		E39ACB15238E1973000973E3 /* Info.plist */ = {isa = PBXFileReference; lastKnownFileType = text.plist.xml; path = Info.plist; sourceTree = "<group>"; };
		E39ACB1F238E466C000973E3 /* LoginVC.swift */ = {isa = PBXFileReference; lastKnownFileType = sourcecode.swift; path = LoginVC.swift; sourceTree = "<group>"; };
		E39ACB24238EA523000973E3 /* SignOutTVC.swift */ = {isa = PBXFileReference; lastKnownFileType = sourcecode.swift; path = SignOutTVC.swift; sourceTree = "<group>"; };
		E39ACBBD238FE8A3000973E3 /* FavShopCell.swift */ = {isa = PBXFileReference; lastKnownFileType = sourcecode.swift; path = FavShopCell.swift; sourceTree = "<group>"; };
		E39ACBBF238FED69000973E3 /* ShopData.swift */ = {isa = PBXFileReference; lastKnownFileType = sourcecode.swift; path = ShopData.swift; sourceTree = "<group>"; };
		E39ACBC2238FF46B000973E3 /* Common.swift */ = {isa = PBXFileReference; lastKnownFileType = sourcecode.swift; path = Common.swift; sourceTree = "<group>"; };
		E39ACBE723920A01000973E3 /* MapVC.swift */ = {isa = PBXFileReference; lastKnownFileType = sourcecode.swift; path = MapVC.swift; sourceTree = "<group>"; };
		E39ACBE923928332000973E3 /* TPDirect.framework */ = {isa = PBXFileReference; lastKnownFileType = wrapper.framework; path = TPDirect.framework; sourceTree = "<group>"; };
		E39ACBEF23928C4B000973E3 /* BoardGame_ios.entitlements */ = {isa = PBXFileReference; lastKnownFileType = text.plist.entitlements; path = BoardGame_ios.entitlements; sourceTree = "<group>"; };
		E3D5E97A23A1295100B6CD14 /* TPDirectResource */ = {isa = PBXFileReference; lastKnownFileType = folder; path = TPDirectResource; sourceTree = "<group>"; };
		E3D5E98023A2524700B6CD14 /* TapPay.swift */ = {isa = PBXFileReference; lastKnownFileType = sourcecode.swift; path = TapPay.swift; sourceTree = "<group>"; };
		E3D5E98223A2719E00B6CD14 /* TPDApplePayDelegate.swift */ = {isa = PBXFileReference; lastKnownFileType = sourcecode.swift; path = TPDApplePayDelegate.swift; sourceTree = "<group>"; };
		E3D5E98423A2726700B6CD14 /* TPDTransactionResult.swift */ = {isa = PBXFileReference; lastKnownFileType = sourcecode.swift; path = TPDTransactionResult.swift; sourceTree = "<group>"; };
/* End PBXFileReference section */

/* Begin PBXFrameworksBuildPhase section */
		E39ACAFE238E1971000973E3 /* Frameworks */ = {
			isa = PBXFrameworksBuildPhase;
			buildActionMask = 2147483647;
			files = (
				E39ACBEA23928333000973E3 /* TPDirect.framework in Frameworks */,
			);
			runOnlyForDeploymentPostprocessing = 0;
		};
/* End PBXFrameworksBuildPhase section */

/* Begin PBXGroup section */
		C492EE6D23964B06000AB2D9 /* Chat */ = {
			isa = PBXGroup;
			children = (
				C492EE6B23964AF3000AB2D9 /* Chat.storyboard */,
				C492EE8323964C62000AB2D9 /* ChatList */,
				C492EE7A23964C43000AB2D9 /* MsgList */,
			);
			path = Chat;
			sourceTree = "<group>";
		};
		C492EE7A23964C43000AB2D9 /* MsgList */ = {
			isa = PBXGroup;
			children = (
				C492EE7323964C33000AB2D9 /* MsgVC.swift */,
				C492EE7523964C33000AB2D9 /* MsgReceivedTableViewCell.swift */,
				C492EE7223964C33000AB2D9 /* MsgSendedTableViewCell.swift */,
				C492EE7423964C33000AB2D9 /* Msg.swift */,
			);
			path = MsgList;
			sourceTree = "<group>";
		};
		C492EE8323964C62000AB2D9 /* ChatList */ = {
			isa = PBXGroup;
			children = (
				C492EE7B23964C53000AB2D9 /* ChatVC.swift */,
				C492EE7D23964C53000AB2D9 /* ChatTableViewCell.swift */,
				C492EE7C23964C53000AB2D9 /* Friend.swift */,
				C492EE7E23964C53000AB2D9 /* Group.swift */,
			);
			path = ChatList;
			sourceTree = "<group>";
		};
		D005382023A68C2D00E9034F /* Shop */ = {
			isa = PBXGroup;
			children = (
				D005382123A68C6100E9034F /* Shop.storyboard */,
				D005382323A6970F00E9034F /* ShopMapVC.swift */,
				D0604B7D23A897FE00D1E0E6 /* Shop.swift */,
				D005382523A6980700E9034F /* ShopListTableVC.swift */,
				D051B1C323A6A7000084DF08 /* ShopCell.swift */,
				D051B1C723A6B1220084DF08 /* ShopDetailViewController.swift */,
			);
			path = Shop;
			sourceTree = "<group>";
		};
		D088EAD3239FE18A006F650F /* Register */ = {
			isa = PBXGroup;
			children = (
				D088EAD4239FE18A006F650F /* RegisterHomeVC.swift */,
				D088EAD5239FE18A006F650F /* RegisterDetailVC.swift */,
			);
			path = Register;
			sourceTree = "<group>";
		};
		D088EAE123A098E1006F650F /* Friend */ = {
			isa = PBXGroup;
			children = (
				D088EAE223A098E1006F650F /* FriendInvitedCell.swift */,
				D088EAE323A098E1006F650F /* FriendInvitedDelegate.swift */,
				D088EAE423A098E1006F650F /* FriendAllVC.swift */,
				D088EAE523A098E1006F650F /* Friend.storyboard */,
				D088EAE623A098E1006F650F /* ShowQRViewController.swift */,
				D088EAE723A098E1006F650F /* FriendInvitedVC.swift */,
				D088EAE823A098E1006F650F /* FriendHomeVC.swift */,
				D088EAE923A098E1006F650F /* ScanQRViewController.swift */,
				D088EAEA23A098E1006F650F /* ScanQRCodeDelegate.swift */,
				D088EAEB23A098E1006F650F /* FriendInvitingCell.swift */,
				D088EAEC23A098E1006F650F /* ScanQRCodeCell.swift */,
				D088EAED23A098E1006F650F /* FriendInvitingVC.swift */,
				D088EAEE23A098E1006F650F /* FriendInvitingDelegate.swift */,
			);
			path = Friend;
			sourceTree = "<group>";
		};
		E30DFA112398DE770081BC48 /* FavGroupList */ = {
			isa = PBXGroup;
			children = (
				E30DFA122398DE8B0081BC48 /* GroupCell.swift */,
				E30DFA142398DEA30081BC48 /* GroupListTVC.swift */,
				E30DFA162398DEB30081BC48 /* GroupData.swift */,
			);
			path = FavGroupList;
			sourceTree = "<group>";
		};
		E30DFA1B239D5FC50081BC48 /* PlayerData */ = {
			isa = PBXGroup;
			children = (
				E30DFA1E239E140B0081BC48 /* PlayerData.swift */,
				E30DFA22239F43210081BC48 /* PlayerTVC.swift */,
				E30DFA2823A0E5AA0081BC48 /* PlayerDataUpdateTVC.swift */,
			);
			path = PlayerData;
			sourceTree = "<group>";
		};
		E39ACAF8238E1971000973E3 = {
			isa = PBXGroup;
			children = (
				E39ACB03238E1971000973E3 /* BoardGame_ios */,
				E39ACB02238E1971000973E3 /* Products */,
				E3D5E97A23A1295100B6CD14 /* TPDirectResource */,
				E39ACBE923928332000973E3 /* TPDirect.framework */,
			);
			sourceTree = "<group>";
		};
		E39ACB02238E1971000973E3 /* Products */ = {
			isa = PBXGroup;
			children = (
				E39ACB01238E1971000973E3 /* BoardGame_ios.app */,
			);
			name = Products;
			sourceTree = "<group>";
		};
		E39ACB03238E1971000973E3 /* BoardGame_ios */ = {
			isa = PBXGroup;
			children = (
				E39ACBEF23928C4B000973E3 /* BoardGame_ios.entitlements */,
				E39ACB04238E1971000973E3 /* AppDelegate.swift */,
				E39ACB06238E1971000973E3 /* SceneDelegate.swift */,
				E39ACB0A238E1971000973E3 /* Main.storyboard */,
				E39ACBC2238FF46B000973E3 /* Common.swift */,
				E39ACB1E238E4647000973E3 /* Login_SignOut_GroupList_favShop */,
				D088EAE123A098E1006F650F /* Friend */,
				D005382023A68C2D00E9034F /* Shop */,
				D088EAD3239FE18A006F650F /* Register */,
				C492EE6D23964B06000AB2D9 /* Chat */,
				E39ACB10238E1973000973E3 /* Assets.xcassets */,
				E39ACB15238E1973000973E3 /* Info.plist */,
				E39ACB0D238E1971000973E3 /* BoardGame_ios.xcdatamodeld */,
				E3D5E98023A2524700B6CD14 /* TapPay.swift */,
				E3D5E98223A2719E00B6CD14 /* TPDApplePayDelegate.swift */,
				E3D5E98423A2726700B6CD14 /* TPDTransactionResult.swift */,
			);
			path = BoardGame_ios;
			sourceTree = "<group>";
		};
		E39ACB1E238E4647000973E3 /* Login_SignOut_GroupList_favShop */ = {
			isa = PBXGroup;
			children = (
				E30DFA1B239D5FC50081BC48 /* PlayerData */,
				E30DFA112398DE770081BC48 /* FavGroupList */,
				E39ACBBA238FE827000973E3 /* FavShop */,
				E39ACB23238EA42F000973E3 /* Login */,
				E39ACB24238EA523000973E3 /* SignOutTVC.swift */,
			);
			path = Login_SignOut_GroupList_favShop;
			sourceTree = "<group>";
		};
		E39ACB23238EA42F000973E3 /* Login */ = {
			isa = PBXGroup;
			children = (
				E39ACB1F238E466C000973E3 /* LoginVC.swift */,
			);
			path = Login;
			sourceTree = "<group>";
		};
		E39ACBBA238FE827000973E3 /* FavShop */ = {
			isa = PBXGroup;
			children = (
				E39ACBBD238FE8A3000973E3 /* FavShopCell.swift */,
				E39ACBBF238FED69000973E3 /* ShopData.swift */,
				E39ACBE723920A01000973E3 /* MapVC.swift */,
				E32E3BF22395EDB000D7AB67 /* favShopVCDelegate.swift */,
				E30DFA0D2398DE0F0081BC48 /* FavShopVC_.swift */,
				E30DFA0F2398DE480081BC48 /* FavShopTVC_.swift */,
			);
			path = FavShop;
			sourceTree = "<group>";
		};
/* End PBXGroup section */

/* Begin PBXNativeTarget section */
		E39ACB00238E1971000973E3 /* BoardGame_ios */ = {
			isa = PBXNativeTarget;
			buildConfigurationList = E39ACB18238E1973000973E3 /* Build configuration list for PBXNativeTarget "BoardGame_ios" */;
			buildPhases = (
				E39ACAFD238E1971000973E3 /* Sources */,
				E39ACAFE238E1971000973E3 /* Frameworks */,
				E39ACAFF238E1971000973E3 /* Resources */,
			);
			buildRules = (
			);
			dependencies = (
			);
			name = BoardGame_ios;
			productName = BoardGame_ios;
			productReference = E39ACB01238E1971000973E3 /* BoardGame_ios.app */;
			productType = "com.apple.product-type.application";
		};
/* End PBXNativeTarget section */

/* Begin PBXProject section */
		E39ACAF9238E1971000973E3 /* Project object */ = {
			isa = PBXProject;
			attributes = {
				LastSwiftUpdateCheck = 1120;
				LastUpgradeCheck = 1120;
				ORGANIZATIONNAME = "黃國展";
				TargetAttributes = {
					E39ACB00238E1971000973E3 = {
						CreatedOnToolsVersion = 11.2.1;
					};
				};
			};
			buildConfigurationList = E39ACAFC238E1971000973E3 /* Build configuration list for PBXProject "BoardGame_ios" */;
			compatibilityVersion = "Xcode 9.3";
			developmentRegion = en;
			hasScannedForEncodings = 0;
			knownRegions = (
				en,
				Base,
			);
			mainGroup = E39ACAF8238E1971000973E3;
			productRefGroup = E39ACB02238E1971000973E3 /* Products */;
			projectDirPath = "";
			projectRoot = "";
			targets = (
				E39ACB00238E1971000973E3 /* BoardGame_ios */,
			);
		};
/* End PBXProject section */

/* Begin PBXResourcesBuildPhase section */
		E39ACAFF238E1971000973E3 /* Resources */ = {
			isa = PBXResourcesBuildPhase;
			buildActionMask = 2147483647;
			files = (
				D005382223A68C6100E9034F /* Shop.storyboard in Resources */,
				E39ACB11238E1973000973E3 /* Assets.xcassets in Resources */,
				E39ACB0C238E1971000973E3 /* Main.storyboard in Resources */,
				E3D5E97B23A1295100B6CD14 /* TPDirectResource in Resources */,
				D088EAF223A098E1006F650F /* Friend.storyboard in Resources */,
				C492EE6C23964AF3000AB2D9 /* Chat.storyboard in Resources */,
			);
			runOnlyForDeploymentPostprocessing = 0;
		};
/* End PBXResourcesBuildPhase section */

/* Begin PBXSourcesBuildPhase section */
		E39ACAFD238E1971000973E3 /* Sources */ = {
			isa = PBXSourcesBuildPhase;
			buildActionMask = 2147483647;
			files = (
				C492EE8223964C53000AB2D9 /* Group.swift in Sources */,
				E39ACBC0238FED69000973E3 /* ShopData.swift in Sources */,
				E30DFA0E2398DE0F0081BC48 /* FavShopVC_.swift in Sources */,
				E30DFA23239F43210081BC48 /* PlayerTVC.swift in Sources */,
				E39ACB05238E1971000973E3 /* AppDelegate.swift in Sources */,
				D051B1C823A6B1220084DF08 /* ShopDetailViewController.swift in Sources */,
				C492EE7623964C33000AB2D9 /* MsgReceivedTableViewCell.swift in Sources */,
				C492EE8123964C53000AB2D9 /* ChatVC.swift in Sources */,
				D088EAF823A098E1006F650F /* FriendInvitingCell.swift in Sources */,
				E30DFA132398DE8B0081BC48 /* GroupCell.swift in Sources */,
				D051B1C423A6A7000084DF08 /* ShopCell.swift in Sources */,
				E39ACB0F238E1971000973E3 /* BoardGame_ios.xcdatamodeld in Sources */,
				E30DFA102398DE480081BC48 /* FavShopTVC_.swift in Sources */,
				C492EE8023964C53000AB2D9 /* ChatTableViewCell.swift in Sources */,
				D088EAEF23A098E1006F650F /* FriendInvitedCell.swift in Sources */,
				D0604B7E23A897FE00D1E0E6 /* Shop.swift in Sources */,
				D088EAF523A098E1006F650F /* FriendHomeVC.swift in Sources */,
				E39ACBBE238FE8A3000973E3 /* FavShopCell.swift in Sources */,
				E39ACBE823920A01000973E3 /* MapVC.swift in Sources */,
				D088EAF923A098E1006F650F /* ScanQRCodeCell.swift in Sources */,
				D088EAF323A098E1006F650F /* ShowQRViewController.swift in Sources */,
				D088EAE0239FE18A006F650F /* RegisterDetailVC.swift in Sources */,
				E39ACB25238EA523000973E3 /* SignOutTVC.swift in Sources */,
				E3D5E98523A2726700B6CD14 /* TPDTransactionResult.swift in Sources */,
				E30DFA1F239E140B0081BC48 /* PlayerData.swift in Sources */,
				D088EAF623A098E1006F650F /* ScanQRViewController.swift in Sources */,
				E39ACB20238E466C000973E3 /* LoginVC.swift in Sources */,
				E3D5E98123A2524700B6CD14 /* TapPay.swift in Sources */,
				D088EAFB23A098E1006F650F /* FriendInvitingDelegate.swift in Sources */,
				C492EE7923964C33000AB2D9 /* MsgVC.swift in Sources */,
				D005382423A6970F00E9034F /* ShopMapVC.swift in Sources */,
				E39ACB07238E1971000973E3 /* SceneDelegate.swift in Sources */,
				D088EAFA23A098E1006F650F /* FriendInvitingVC.swift in Sources */,
				C492EE7823964C33000AB2D9 /* Msg.swift in Sources */,
				D088EAF123A098E1006F650F /* FriendAllVC.swift in Sources */,
				D088EAF423A098E1006F650F /* FriendInvitedVC.swift in Sources */,
				D088EADF239FE18A006F650F /* RegisterHomeVC.swift in Sources */,
				E32E3BF32395EDB000D7AB67 /* favShopVCDelegate.swift in Sources */,
				E3D5E98323A2719E00B6CD14 /* TPDApplePayDelegate.swift in Sources */,
				C492EE7723964C33000AB2D9 /* MsgSendedTableViewCell.swift in Sources */,
				E30DFA172398DEB30081BC48 /* GroupData.swift in Sources */,
				C492EE7F23964C53000AB2D9 /* Friend.swift in Sources */,
				E39ACBC3238FF46B000973E3 /* Common.swift in Sources */,
				E30DFA2923A0E5AA0081BC48 /* PlayerDataUpdateTVC.swift in Sources */,
				E30DFA152398DEA30081BC48 /* GroupListTVC.swift in Sources */,
				D005382623A6980700E9034F /* ShopListTableVC.swift in Sources */,
				D088EAF023A098E1006F650F /* FriendInvitedDelegate.swift in Sources */,
				D088EAF723A098E1006F650F /* ScanQRCodeDelegate.swift in Sources */,
			);
			runOnlyForDeploymentPostprocessing = 0;
		};
/* End PBXSourcesBuildPhase section */

/* Begin PBXVariantGroup section */
		E39ACB0A238E1971000973E3 /* Main.storyboard */ = {
			isa = PBXVariantGroup;
			children = (
				E39ACB0B238E1971000973E3 /* Base */,
			);
			name = Main.storyboard;
			sourceTree = "<group>";
		};
/* End PBXVariantGroup section */

/* Begin XCBuildConfiguration section */
		E39ACB16238E1973000973E3 /* Debug */ = {
			isa = XCBuildConfiguration;
			buildSettings = {
				ALWAYS_SEARCH_USER_PATHS = NO;
				CLANG_ANALYZER_NONNULL = YES;
				CLANG_ANALYZER_NUMBER_OBJECT_CONVERSION = YES_AGGRESSIVE;
				CLANG_CXX_LANGUAGE_STANDARD = "gnu++14";
				CLANG_CXX_LIBRARY = "libc++";
				CLANG_ENABLE_MODULES = YES;
				CLANG_ENABLE_OBJC_ARC = YES;
				CLANG_ENABLE_OBJC_WEAK = YES;
				CLANG_WARN_BLOCK_CAPTURE_AUTORELEASING = YES;
				CLANG_WARN_BOOL_CONVERSION = YES;
				CLANG_WARN_COMMA = YES;
				CLANG_WARN_CONSTANT_CONVERSION = YES;
				CLANG_WARN_DEPRECATED_OBJC_IMPLEMENTATIONS = YES;
				CLANG_WARN_DIRECT_OBJC_ISA_USAGE = YES_ERROR;
				CLANG_WARN_DOCUMENTATION_COMMENTS = YES;
				CLANG_WARN_EMPTY_BODY = YES;
				CLANG_WARN_ENUM_CONVERSION = YES;
				CLANG_WARN_INFINITE_RECURSION = YES;
				CLANG_WARN_INT_CONVERSION = YES;
				CLANG_WARN_NON_LITERAL_NULL_CONVERSION = YES;
				CLANG_WARN_OBJC_IMPLICIT_RETAIN_SELF = YES;
				CLANG_WARN_OBJC_LITERAL_CONVERSION = YES;
				CLANG_WARN_OBJC_ROOT_CLASS = YES_ERROR;
				CLANG_WARN_RANGE_LOOP_ANALYSIS = YES;
				CLANG_WARN_STRICT_PROTOTYPES = YES;
				CLANG_WARN_SUSPICIOUS_MOVE = YES;
				CLANG_WARN_UNGUARDED_AVAILABILITY = YES_AGGRESSIVE;
				CLANG_WARN_UNREACHABLE_CODE = YES;
				CLANG_WARN__DUPLICATE_METHOD_MATCH = YES;
				COPY_PHASE_STRIP = NO;
				DEBUG_INFORMATION_FORMAT = dwarf;
				ENABLE_STRICT_OBJC_MSGSEND = YES;
				ENABLE_TESTABILITY = YES;
				GCC_C_LANGUAGE_STANDARD = gnu11;
				GCC_DYNAMIC_NO_PIC = NO;
				GCC_NO_COMMON_BLOCKS = YES;
				GCC_OPTIMIZATION_LEVEL = 0;
				GCC_PREPROCESSOR_DEFINITIONS = (
					"DEBUG=1",
					"$(inherited)",
				);
				GCC_WARN_64_TO_32_BIT_CONVERSION = YES;
				GCC_WARN_ABOUT_RETURN_TYPE = YES_ERROR;
				GCC_WARN_UNDECLARED_SELECTOR = YES;
				GCC_WARN_UNINITIALIZED_AUTOS = YES_AGGRESSIVE;
				GCC_WARN_UNUSED_FUNCTION = YES;
				GCC_WARN_UNUSED_VARIABLE = YES;
				IPHONEOS_DEPLOYMENT_TARGET = 13.2;
				MTL_ENABLE_DEBUG_INFO = INCLUDE_SOURCE;
				MTL_FAST_MATH = YES;
				ONLY_ACTIVE_ARCH = YES;
				SDKROOT = iphoneos;
				SWIFT_ACTIVE_COMPILATION_CONDITIONS = DEBUG;
				SWIFT_OPTIMIZATION_LEVEL = "-Onone";
			};
			name = Debug;
		};
		E39ACB17238E1973000973E3 /* Release */ = {
			isa = XCBuildConfiguration;
			buildSettings = {
				ALWAYS_SEARCH_USER_PATHS = NO;
				CLANG_ANALYZER_NONNULL = YES;
				CLANG_ANALYZER_NUMBER_OBJECT_CONVERSION = YES_AGGRESSIVE;
				CLANG_CXX_LANGUAGE_STANDARD = "gnu++14";
				CLANG_CXX_LIBRARY = "libc++";
				CLANG_ENABLE_MODULES = YES;
				CLANG_ENABLE_OBJC_ARC = YES;
				CLANG_ENABLE_OBJC_WEAK = YES;
				CLANG_WARN_BLOCK_CAPTURE_AUTORELEASING = YES;
				CLANG_WARN_BOOL_CONVERSION = YES;
				CLANG_WARN_COMMA = YES;
				CLANG_WARN_CONSTANT_CONVERSION = YES;
				CLANG_WARN_DEPRECATED_OBJC_IMPLEMENTATIONS = YES;
				CLANG_WARN_DIRECT_OBJC_ISA_USAGE = YES_ERROR;
				CLANG_WARN_DOCUMENTATION_COMMENTS = YES;
				CLANG_WARN_EMPTY_BODY = YES;
				CLANG_WARN_ENUM_CONVERSION = YES;
				CLANG_WARN_INFINITE_RECURSION = YES;
				CLANG_WARN_INT_CONVERSION = YES;
				CLANG_WARN_NON_LITERAL_NULL_CONVERSION = YES;
				CLANG_WARN_OBJC_IMPLICIT_RETAIN_SELF = YES;
				CLANG_WARN_OBJC_LITERAL_CONVERSION = YES;
				CLANG_WARN_OBJC_ROOT_CLASS = YES_ERROR;
				CLANG_WARN_RANGE_LOOP_ANALYSIS = YES;
				CLANG_WARN_STRICT_PROTOTYPES = YES;
				CLANG_WARN_SUSPICIOUS_MOVE = YES;
				CLANG_WARN_UNGUARDED_AVAILABILITY = YES_AGGRESSIVE;
				CLANG_WARN_UNREACHABLE_CODE = YES;
				CLANG_WARN__DUPLICATE_METHOD_MATCH = YES;
				COPY_PHASE_STRIP = NO;
				DEBUG_INFORMATION_FORMAT = "dwarf-with-dsym";
				ENABLE_NS_ASSERTIONS = NO;
				ENABLE_STRICT_OBJC_MSGSEND = YES;
				GCC_C_LANGUAGE_STANDARD = gnu11;
				GCC_NO_COMMON_BLOCKS = YES;
				GCC_WARN_64_TO_32_BIT_CONVERSION = YES;
				GCC_WARN_ABOUT_RETURN_TYPE = YES_ERROR;
				GCC_WARN_UNDECLARED_SELECTOR = YES;
				GCC_WARN_UNINITIALIZED_AUTOS = YES_AGGRESSIVE;
				GCC_WARN_UNUSED_FUNCTION = YES;
				GCC_WARN_UNUSED_VARIABLE = YES;
				IPHONEOS_DEPLOYMENT_TARGET = 13.2;
				MTL_ENABLE_DEBUG_INFO = NO;
				MTL_FAST_MATH = YES;
				SDKROOT = iphoneos;
				SWIFT_COMPILATION_MODE = wholemodule;
				SWIFT_OPTIMIZATION_LEVEL = "-O";
				VALIDATE_PRODUCT = YES;
			};
			name = Release;
		};
		E39ACB19238E1973000973E3 /* Debug */ = {
			isa = XCBuildConfiguration;
			buildSettings = {
				ASSETCATALOG_COMPILER_APPICON_NAME = AppIcon;
				CODE_SIGN_ENTITLEMENTS = BoardGame_ios/BoardGame_ios.entitlements;
				CODE_SIGN_STYLE = Automatic;
				DEVELOPMENT_TEAM = 92B2GX2LG4;
				FRAMEWORK_SEARCH_PATHS = (
					"$(inherited)",
					"$(PROJECT_DIR)",
				);
				INFOPLIST_FILE = BoardGame_ios/Info.plist;
				LD_RUNPATH_SEARCH_PATHS = (
					"$(inherited)",
					"@executable_path/Frameworks",
				);
				PRODUCT_BUNDLE_IDENTIFIER = "com.eric.hgj.BoardGame-ios";
				PRODUCT_NAME = "$(TARGET_NAME)";
				SWIFT_VERSION = 5.0;
				TARGETED_DEVICE_FAMILY = "1,2";
			};
			name = Debug;
		};
		E39ACB1A238E1973000973E3 /* Release */ = {
			isa = XCBuildConfiguration;
			buildSettings = {
				ASSETCATALOG_COMPILER_APPICON_NAME = AppIcon;
				CODE_SIGN_ENTITLEMENTS = BoardGame_ios/BoardGame_ios.entitlements;
				CODE_SIGN_STYLE = Automatic;
				DEVELOPMENT_TEAM = 322G82C5Z6;
				FRAMEWORK_SEARCH_PATHS = (
					"$(inherited)",
					"$(PROJECT_DIR)",
				);
				INFOPLIST_FILE = BoardGame_ios/Info.plist;
				LD_RUNPATH_SEARCH_PATHS = (
					"$(inherited)",
					"@executable_path/Frameworks",
				);
				PRODUCT_BUNDLE_IDENTIFIER = "com.eric.hgj.BoardGame-ios";
				PRODUCT_NAME = "$(TARGET_NAME)";
				SWIFT_VERSION = 5.0;
				TARGETED_DEVICE_FAMILY = "1,2";
			};
			name = Release;
		};
/* End XCBuildConfiguration section */

/* Begin XCConfigurationList section */
		E39ACAFC238E1971000973E3 /* Build configuration list for PBXProject "BoardGame_ios" */ = {
			isa = XCConfigurationList;
			buildConfigurations = (
				E39ACB16238E1973000973E3 /* Debug */,
				E39ACB17238E1973000973E3 /* Release */,
			);
			defaultConfigurationIsVisible = 0;
			defaultConfigurationName = Release;
		};
		E39ACB18238E1973000973E3 /* Build configuration list for PBXNativeTarget "BoardGame_ios" */ = {
			isa = XCConfigurationList;
			buildConfigurations = (
				E39ACB19238E1973000973E3 /* Debug */,
				E39ACB1A238E1973000973E3 /* Release */,
			);
			defaultConfigurationIsVisible = 0;
			defaultConfigurationName = Release;
		};
/* End XCConfigurationList section */

/* Begin XCVersionGroup section */
		E39ACB0D238E1971000973E3 /* BoardGame_ios.xcdatamodeld */ = {
			isa = XCVersionGroup;
			children = (
				E39ACB0E238E1971000973E3 /* BoardGame_ios.xcdatamodel */,
			);
			currentVersion = E39ACB0E238E1971000973E3 /* BoardGame_ios.xcdatamodel */;
			path = BoardGame_ios.xcdatamodeld;
			sourceTree = "<group>";
			versionGroupType = wrapper.xcdatamodel;
		};
/* End XCVersionGroup section */
	};
	rootObject = E39ACAF9238E1971000973E3 /* Project object */;
}
